
Microsoft Visual Studio Solution File, Format Version 12.00
# Visual Studio Version 17
VisualStudioVersion = 17.14.36623.8
MinimumVisualStudioVersion = 10.0.40219.1
Project("{FAE04EC0-301F-11D3-BF4B-00C04F79EFBC}") = "HSPrint", "HSPrint.csproj", "{94D19594-E41B-4FE4-ADF2-81E088926624}"
EndProject
Project("{FAE04EC0-301F-11D3-BF4B-00C04F79EFBC}") = "HSPrint.ConfigTool", "HSPrint.ConfigTool\HSPrint.ConfigTool.csproj", "{2BA97DD2-3070-4007-8EFB-BFA96E17A4BC}"
EndProject
Global
	GlobalSection(SolutionConfigurationPlatforms) = preSolution
		Debug|Any CPU = Debug|Any CPU
		Debug|x64 = Debug|x64
		Debug|x86 = Debug|x86
		Release|Any CPU = Release|Any CPU
		Release|x64 = Release|x64
		Release|x86 = Release|x86
	EndGlobalSection
	GlobalSection(ProjectConfigurationPlatforms) = postSolution
		{94D19594-E41B-4FE4-ADF2-81E088926624}.Debug|Any CPU.ActiveCfg = Debug|Any CPU
		{94D19594-E41B-4FE4-ADF2-81E088926624}.Debug|Any CPU.Build.0 = Debug|Any CPU
		{94D19594-E41B-4FE4-ADF2-81E088926624}.Debug|x64.ActiveCfg = Debug|Any CPU
		{94D19594-E41B-4FE4-ADF2-81E088926624}.Debug|x64.Build.0 = Debug|Any CPU
		{94D19594-E41B-4FE4-ADF2-81E088926624}.Debug|x86.ActiveCfg = Debug|Any CPU
		{94D19594-E41B-4FE4-ADF2-81E088926624}.Debug|x86.Build.0 = Debug|Any CPU
		{94D19594-E41B-4FE4-ADF2-81E088926624}.Release|Any CPU.ActiveCfg = Release|Any CPU
		{94D19594-E41B-4FE4-ADF2-81E088926624}.Release|Any CPU.Build.0 = Release|Any CPU
		{94D19594-E41B-4FE4-ADF2-81E088926624}.Release|x64.ActiveCfg = Release|Any CPU
		{94D19594-E41B-4FE4-ADF2-81E088926624}.Release|x64.Build.0 = Release|Any CPU
		{94D19594-E41B-4FE4-ADF2-81E088926624}.Release|x86.ActiveCfg = Release|Any CPU
		{94D19594-E41B-4FE4-ADF2-81E088926624}.Release|x86.Build.0 = Release|Any CPU
		{2BA97DD2-3070-4007-8EFB-BFA96E17A4BC}.Debug|Any CPU.ActiveCfg = Debug|Any CPU
		{2BA97DD2-3070-4007-8EFB-BFA96E17A4BC}.Debug|Any CPU.Build.0 = Debug|Any CPU
		{2BA97DD2-3070-4007-8EFB-BFA96E17A4BC}.Debug|x64.ActiveCfg = Debug|Any CPU
		{2BA97DD2-3070-4007-8EFB-BFA96E17A4BC}.Debug|x64.Build.0 = Debug|Any CPU
		{2BA97DD2-3070-4007-8EFB-BFA96E17A4BC}.Debug|x86.ActiveCfg = Debug|Any CPU
		{2BA97DD2-3070-4007-8EFB-BFA96E17A4BC}.Debug|x86.Build.0 = Debug|Any CPU
		{2BA97DD2-3070-4007-8EFB-BFA96E17A4BC}.Release|Any CPU.ActiveCfg = Release|Any CPU
		{2BA97DD2-3070-4007-8EFB-BFA96E17A4BC}.Release|Any CPU.Build.0 = Release|Any CPU
		{2BA97DD2-3070-4007-8EFB-BFA96E17A4BC}.Release|x64.ActiveCfg = Release|Any CPU
		{2BA97DD2-3070-4007-8EFB-BFA96E17A4BC}.Release|x64.Build.0 = Release|Any CPU
		{2BA97DD2-3070-4007-8EFB-BFA96E17A4BC}.Release|x86.ActiveCfg = Release|Any CPU
		{2BA97DD2-3070-4007-8EFB-BFA96E17A4BC}.Release|x86.Build.0 = Release|Any CPU
	EndGlobalSection
	GlobalSection(SolutionProperties) = preSolution
		HideSolutionNode = FALSE
	EndGlobalSection
	GlobalSection(ExtensibilityGlobals) = postSolution
		SolutionGuid = {2DCFA53C-FFC4-4568-B3A4-07D61CB57B24}
	EndGlobalSection
EndGlobal
